// !$*UTF8*$!
{
	archiveVersion = 1;
	classes = {
	};
	objectVersion = 46;
	objects = {

/* Begin PBXBuildFile section */
		0F11A70A1BB4B58C001D7F85 /* Images-2.xcassets in Resources */ = {isa = PBXBuildFile; fileRef = 0F11A7091BB4B58C001D7F85 /* Images-2.xcassets */; settings = {ASSET_TAGS = (); }; };
		0F11A70F1BB4B5F9001D7F85 /* Default.png in Resources */ = {isa = PBXBuildFile; fileRef = 0F11A70B1BB4B5F9001D7F85 /* Default.png */; settings = {ASSET_TAGS = (); }; };
		0F11A7101BB4B5F9001D7F85 /* Default-568h@2x.png in Resources */ = {isa = PBXBuildFile; fileRef = 0F11A70C1BB4B5F9001D7F85 /* Default-568h@2x.png */; settings = {ASSET_TAGS = (); }; };
		0F11A7111BB4B5F9001D7F85 /* Default-667h@2x.png in Resources */ = {isa = PBXBuildFile; fileRef = 0F11A70D1BB4B5F9001D7F85 /* Default-667h@2x.png */; settings = {ASSET_TAGS = (); }; };
		0F11A7121BB4B5F9001D7F85 /* Default-736@3x.png in Resources */ = {isa = PBXBuildFile; fileRef = 0F11A70E1BB4B5F9001D7F85 /* Default-736@3x.png */; settings = {ASSET_TAGS = (); }; };
		0F2E28981B9506E30018573B /* main.m in Sources */ = {isa = PBXBuildFile; fileRef = 0F2E28971B9506E30018573B /* main.m */; };
		0F2E289B1B9506E30018573B /* AppDelegate.m in Sources */ = {isa = PBXBuildFile; fileRef = 0F2E289A1B9506E30018573B /* AppDelegate.m */; };
		0F2E289E1B9506E30018573B /* WelcomeViewController.m in Sources */ = {isa = PBXBuildFile; fileRef = 0F2E289D1B9506E30018573B /* WelcomeViewController.m */; };
		0F2E28A11B9506E30018573B /* Main.storyboard in Resources */ = {isa = PBXBuildFile; fileRef = 0F2E289F1B9506E30018573B /* Main.storyboard */; };
		0F2E28A31B9506E30018573B /* Images.xcassets in Resources */ = {isa = PBXBuildFile; fileRef = 0F2E28A21B9506E30018573B /* Images.xcassets */; };
		0F2E28A61B9506E30018573B /* LaunchScreen.xib in Resources */ = {isa = PBXBuildFile; fileRef = 0F2E28A41B9506E30018573B /* LaunchScreen.xib */; };
		0F2E28B21B9506E30018573B /* HomeBuyerAlertTests.m in Sources */ = {isa = PBXBuildFile; fileRef = 0F2E28B11B9506E30018573B /* HomeBuyerAlertTests.m */; };
		0F2E28BD1B9509470018573B /* home-buyer-alert-logo.png in Resources */ = {isa = PBXBuildFile; fileRef = 0F2E28BC1B9509470018573B /* home-buyer-alert-logo.png */; };
		0F2E28C21B95F7CA0018573B /* Networking.m in Sources */ = {isa = PBXBuildFile; fileRef = 0F2E28C11B95F7CA0018573B /* Networking.m */; };
		0F2E28C51B95FD3A0018573B /* Property.m in Sources */ = {isa = PBXBuildFile; fileRef = 0F2E28C41B95FD3A0018573B /* Property.m */; };
		0F36E0591BB018F90067F0A3 /* iPad.storyboard in Resources */ = {isa = PBXBuildFile; fileRef = 0F36E0581BB018F90067F0A3 /* iPad.storyboard */; settings = {ASSET_TAGS = (); }; };
		0F37ED041BB31AC400FC360F /* MessageUI.framework in Frameworks */ = {isa = PBXBuildFile; fileRef = 0F37ED031BB31AC400FC360F /* MessageUI.framework */; };
		0F38D3361BBD7C1C0042A238 /* GTMNSString+HTML.m in Sources */ = {isa = PBXBuildFile; fileRef = 0F38D3351BBD7C1C0042A238 /* GTMNSString+HTML.m */; settings = {COMPILER_FLAGS = "-fno-objc-arc"; }; };
		0F5952541BAADCB40057D0EC /* DetailsCustomCell.m in Sources */ = {isa = PBXBuildFile; fileRef = 0F5952531BAADCB40057D0EC /* DetailsCustomCell.m */; };
		0F5952571BAADD400057D0EC /* DetailsLabel.m in Sources */ = {isa = PBXBuildFile; fileRef = 0F5952561BAADD400057D0EC /* DetailsLabel.m */; };
		0F88A5AA1B974EEF0014AF20 /* ASIAuthenticationDialog.m in Sources */ = {isa = PBXBuildFile; fileRef = 0F88A5971B974EEF0014AF20 /* ASIAuthenticationDialog.m */; settings = {COMPILER_FLAGS = "-fno-objc-arc"; }; };
		0F88A5AB1B974EEF0014AF20 /* ASIDataCompressor.m in Sources */ = {isa = PBXBuildFile; fileRef = 0F88A59A1B974EEF0014AF20 /* ASIDataCompressor.m */; settings = {COMPILER_FLAGS = "-fno-objc-arc"; }; };
		0F88A5AC1B974EEF0014AF20 /* ASIDataDecompressor.m in Sources */ = {isa = PBXBuildFile; fileRef = 0F88A59C1B974EEF0014AF20 /* ASIDataDecompressor.m */; settings = {COMPILER_FLAGS = "-fno-objc-arc"; }; };
		0F88A5AD1B974EEF0014AF20 /* ASIDownloadCache.m in Sources */ = {isa = PBXBuildFile; fileRef = 0F88A59E1B974EEF0014AF20 /* ASIDownloadCache.m */; settings = {COMPILER_FLAGS = "-fno-objc-arc"; }; };
		0F88A5AE1B974EEF0014AF20 /* ASIFormDataRequest.m in Sources */ = {isa = PBXBuildFile; fileRef = 0F88A5A01B974EEF0014AF20 /* ASIFormDataRequest.m */; settings = {COMPILER_FLAGS = "-fno-objc-arc"; }; };
		0F88A5AF1B974EEF0014AF20 /* ASIHTTPRequest.m in Sources */ = {isa = PBXBuildFile; fileRef = 0F88A5A21B974EEF0014AF20 /* ASIHTTPRequest.m */; settings = {COMPILER_FLAGS = "-fno-objc-arc"; }; };
		0F88A5B01B974EEF0014AF20 /* ASIInputStream.m in Sources */ = {isa = PBXBuildFile; fileRef = 0F88A5A61B974EEF0014AF20 /* ASIInputStream.m */; settings = {COMPILER_FLAGS = "-fno-objc-arc"; }; };
		0F88A5B11B974EEF0014AF20 /* ASINetworkQueue.m in Sources */ = {isa = PBXBuildFile; fileRef = 0F88A5A81B974EEF0014AF20 /* ASINetworkQueue.m */; settings = {COMPILER_FLAGS = "-fno-objc-arc"; }; };
		0F88A5B41B974F050014AF20 /* Reachability.m in Sources */ = {isa = PBXBuildFile; fileRef = 0F88A5B31B974F050014AF20 /* Reachability.m */; settings = {COMPILER_FLAGS = "-fno-objc-arc"; }; };
		0F88A5B61B9750180014AF20 /* CFNetwork.framework in Frameworks */ = {isa = PBXBuildFile; fileRef = 0F88A5B51B9750180014AF20 /* CFNetwork.framework */; };
		0F88A5B81B9750220014AF20 /* SystemConfiguration.framework in Frameworks */ = {isa = PBXBuildFile; fileRef = 0F88A5B71B9750220014AF20 /* SystemConfiguration.framework */; };
		0F88A5BA1B9750290014AF20 /* MobileCoreServices.framework in Frameworks */ = {isa = PBXBuildFile; fileRef = 0F88A5B91B9750290014AF20 /* MobileCoreServices.framework */; };
		0F88A5BC1B97502F0014AF20 /* CoreGraphics.framework in Frameworks */ = {isa = PBXBuildFile; fileRef = 0F88A5BB1B97502F0014AF20 /* CoreGraphics.framework */; };
		0F88A5BE1B97503F0014AF20 /* libz.dylib in Frameworks */ = {isa = PBXBuildFile; fileRef = 0F88A5BD1B97503F0014AF20 /* libz.dylib */; };
		0F88A5C11B97A1B20014AF20 /* very-basic-settings-icon.png in Resources */ = {isa = PBXBuildFile; fileRef = 0F88A5C01B97A1B20014AF20 /* very-basic-settings-icon.png */; };
		0FAD7A3A1B95FE3F00C4463C /* PropertyDetail.m in Sources */ = {isa = PBXBuildFile; fileRef = 0FAD7A391B95FE3F00C4463C /* PropertyDetail.m */; };
		0FAD7A3D1B9601B400C4463C /* SetupViewController.m in Sources */ = {isa = PBXBuildFile; fileRef = 0FAD7A3C1B9601B400C4463C /* SetupViewController.m */; };
		0FBB09D71B98B23600505844 /* Parser.m in Sources */ = {isa = PBXBuildFile; fileRef = 0FBB09D61B98B23600505844 /* Parser.m */; };
		0FBB09DA1B98F71F00505844 /* ListViewController.m in Sources */ = {isa = PBXBuildFile; fileRef = 0FBB09D91B98F71F00505844 /* ListViewController.m */; };
		0FBB09DD1B98F72B00505844 /* DetailsViewController.m in Sources */ = {isa = PBXBuildFile; fileRef = 0FBB09DC1B98F72B00505844 /* DetailsViewController.m */; };
		0FBB09E01B98F73700505844 /* MapViewController.m in Sources */ = {isa = PBXBuildFile; fileRef = 0FBB09DF1B98F73700505844 /* MapViewController.m */; };
		0FBB09E31B98F74400505844 /* AddHomeViewController.m in Sources */ = {isa = PBXBuildFile; fileRef = 0FBB09E21B98F74400505844 /* AddHomeViewController.m */; };
		0FBB09E61B9B35E900505844 /* ListViewCell.xib in Resources */ = {isa = PBXBuildFile; fileRef = 0FBB09E51B9B35E900505844 /* ListViewCell.xib */; };
		0FBB09E91B9B388E00505844 /* ListViewCell.m in Sources */ = {isa = PBXBuildFile; fileRef = 0FBB09E81B9B388E00505844 /* ListViewCell.m */; };
		0FBB09EB1B9B677200505844 /* placeholder.png in Resources */ = {isa = PBXBuildFile; fileRef = 0FBB09EA1B9B677200505844 /* placeholder.png */; };
		0FBB09ED1B9B7FB500505844 /* list_filled-25.png in Resources */ = {isa = PBXBuildFile; fileRef = 0FBB09EC1B9B7FB500505844 /* list_filled-25.png */; };
		0FBB09EF1B9B7FED00505844 /* map-25.png in Resources */ = {isa = PBXBuildFile; fileRef = 0FBB09EE1B9B7FED00505844 /* map-25.png */; };
		0FBB09F11B9B800E00505844 /* home_automation-25.png in Resources */ = {isa = PBXBuildFile; fileRef = 0FBB09F01B9B800E00505844 /* home_automation-25.png */; };
		0FBB09F41B9F309000505844 /* PropertyAnnotation.m in Sources */ = {isa = PBXBuildFile; fileRef = 0FBB09F31B9F309000505844 /* PropertyAnnotation.m */; };
		0FBB09F61B9F3A3D00505844 /* AnnotationView.xib in Resources */ = {isa = PBXBuildFile; fileRef = 0FBB09F51B9F3A3D00505844 /* AnnotationView.xib */; };
		0FBB09F81BA05F9200505844 /* pin.png in Resources */ = {isa = PBXBuildFile; fileRef = 0FBB09F71BA05F9200505844 /* pin.png */; };
		0FBB09FB1BA061E400505844 /* AnnotationView.m in Sources */ = {isa = PBXBuildFile; fileRef = 0FBB09FA1BA061E400505844 /* AnnotationView.m */; };
		ED47ECFF89E264F966B40DCF /* Pods_HomeBuyerAlert.framework in Frameworks */ = {isa = PBXBuildFile; fileRef = 17637B6B330BD8A31319FD1A /* Pods_HomeBuyerAlert.framework */; settings = {ATTRIBUTES = (Weak, ); }; };
/* End PBXBuildFile section */

/* Begin PBXContainerItemProxy section */
		0F2E28AC1B9506E30018573B /* PBXContainerItemProxy */ = {
			isa = PBXContainerItemProxy;
			containerPortal = 0F2E288A1B9506E30018573B /* Project object */;
			proxyType = 1;
			remoteGlobalIDString = 0F2E28911B9506E30018573B;
			remoteInfo = HomeBuyerAlert;
		};
/* End PBXContainerItemProxy section */

/* Begin PBXFileReference section */
		0F11A7091BB4B58C001D7F85 /* Images-2.xcassets */ = {isa = PBXFileReference; lastKnownFileType = folder.assetcatalog; path = "Images-2.xcassets"; sourceTree = "<group>"; };
		0F11A70B1BB4B5F9001D7F85 /* Default.png */ = {isa = PBXFileReference; lastKnownFileType = image.png; path = Default.png; sourceTree = "<group>"; };
		0F11A70C1BB4B5F9001D7F85 /* Default-568h@2x.png */ = {isa = PBXFileReference; lastKnownFileType = image.png; path = "Default-568h@2x.png"; sourceTree = "<group>"; };
		0F11A70D1BB4B5F9001D7F85 /* Default-667h@2x.png */ = {isa = PBXFileReference; lastKnownFileType = image.png; path = "Default-667h@2x.png"; sourceTree = "<group>"; };
		0F11A70E1BB4B5F9001D7F85 /* Default-736@3x.png */ = {isa = PBXFileReference; lastKnownFileType = image.png; path = "Default-736@3x.png"; sourceTree = "<group>"; };
		0F2E28921B9506E30018573B /* HomeBuyerAlert.app */ = {isa = PBXFileReference; explicitFileType = wrapper.application; includeInIndex = 0; path = HomeBuyerAlert.app; sourceTree = BUILT_PRODUCTS_DIR; };
		0F2E28961B9506E30018573B /* Info.plist */ = {isa = PBXFileReference; lastKnownFileType = text.plist.xml; path = Info.plist; sourceTree = "<group>"; };
		0F2E28971B9506E30018573B /* main.m */ = {isa = PBXFileReference; lastKnownFileType = sourcecode.c.objc; path = main.m; sourceTree = "<group>"; };
		0F2E28991B9506E30018573B /* AppDelegate.h */ = {isa = PBXFileReference; lastKnownFileType = sourcecode.c.h; path = AppDelegate.h; sourceTree = "<group>"; };
		0F2E289A1B9506E30018573B /* AppDelegate.m */ = {isa = PBXFileReference; lastKnownFileType = sourcecode.c.objc; path = AppDelegate.m; sourceTree = "<group>"; };
		0F2E289C1B9506E30018573B /* WelcomeViewController.h */ = {isa = PBXFileReference; lastKnownFileType = sourcecode.c.h; path = WelcomeViewController.h; sourceTree = "<group>"; };
		0F2E289D1B9506E30018573B /* WelcomeViewController.m */ = {isa = PBXFileReference; lastKnownFileType = sourcecode.c.objc; path = WelcomeViewController.m; sourceTree = "<group>"; };
		0F2E28A01B9506E30018573B /* Base */ = {isa = PBXFileReference; lastKnownFileType = file.storyboard; name = Base; path = Base.lproj/Main.storyboard; sourceTree = "<group>"; };
		0F2E28A21B9506E30018573B /* Images.xcassets */ = {isa = PBXFileReference; lastKnownFileType = folder.assetcatalog; path = Images.xcassets; sourceTree = "<group>"; };
		0F2E28A51B9506E30018573B /* Base */ = {isa = PBXFileReference; lastKnownFileType = file.xib; name = Base; path = Base.lproj/LaunchScreen.xib; sourceTree = "<group>"; };
		0F2E28AB1B9506E30018573B /* HomeBuyerAlertTests.xctest */ = {isa = PBXFileReference; explicitFileType = wrapper.cfbundle; includeInIndex = 0; path = HomeBuyerAlertTests.xctest; sourceTree = BUILT_PRODUCTS_DIR; };
		0F2E28B01B9506E30018573B /* Info.plist */ = {isa = PBXFileReference; lastKnownFileType = text.plist.xml; path = Info.plist; sourceTree = "<group>"; };
		0F2E28B11B9506E30018573B /* HomeBuyerAlertTests.m */ = {isa = PBXFileReference; lastKnownFileType = sourcecode.c.objc; path = HomeBuyerAlertTests.m; sourceTree = "<group>"; };
		0F2E28BC1B9509470018573B /* home-buyer-alert-logo.png */ = {isa = PBXFileReference; lastKnownFileType = image.png; path = "home-buyer-alert-logo.png"; sourceTree = "<group>"; };
		0F2E28C01B95F7CA0018573B /* Networking.h */ = {isa = PBXFileReference; fileEncoding = 4; lastKnownFileType = sourcecode.c.h; path = Networking.h; sourceTree = "<group>"; };
		0F2E28C11B95F7CA0018573B /* Networking.m */ = {isa = PBXFileReference; fileEncoding = 4; lastKnownFileType = sourcecode.c.objc; path = Networking.m; sourceTree = "<group>"; };
		0F2E28C31B95FD3A0018573B /* Property.h */ = {isa = PBXFileReference; fileEncoding = 4; lastKnownFileType = sourcecode.c.h; path = Property.h; sourceTree = "<group>"; };
		0F2E28C41B95FD3A0018573B /* Property.m */ = {isa = PBXFileReference; fileEncoding = 4; lastKnownFileType = sourcecode.c.objc; path = Property.m; sourceTree = "<group>"; };
		0F36E0581BB018F90067F0A3 /* iPad.storyboard */ = {isa = PBXFileReference; fileEncoding = 4; lastKnownFileType = file.storyboard; path = iPad.storyboard; sourceTree = "<group>"; };
		0F37ED031BB31AC400FC360F /* MessageUI.framework */ = {isa = PBXFileReference; lastKnownFileType = wrapper.framework; name = MessageUI.framework; path = System/Library/Frameworks/MessageUI.framework; sourceTree = SDKROOT; };
		0F38D3341BBD7C1C0042A238 /* GTMNSString+HTML.h */ = {isa = PBXFileReference; fileEncoding = 4; lastKnownFileType = sourcecode.c.h; path = "GTMNSString+HTML.h"; sourceTree = "<group>"; };
		0F38D3351BBD7C1C0042A238 /* GTMNSString+HTML.m */ = {isa = PBXFileReference; fileEncoding = 4; lastKnownFileType = sourcecode.c.objc; path = "GTMNSString+HTML.m"; sourceTree = "<group>"; };
		0F38D3371BBD7C940042A238 /* GTMDefines.h */ = {isa = PBXFileReference; lastKnownFileType = sourcecode.c.h; path = GTMDefines.h; sourceTree = "<group>"; };
		0F5952521BAADCB40057D0EC /* DetailsCustomCell.h */ = {isa = PBXFileReference; fileEncoding = 4; lastKnownFileType = sourcecode.c.h; path = DetailsCustomCell.h; sourceTree = "<group>"; };
		0F5952531BAADCB40057D0EC /* DetailsCustomCell.m */ = {isa = PBXFileReference; fileEncoding = 4; lastKnownFileType = sourcecode.c.objc; path = DetailsCustomCell.m; sourceTree = "<group>"; };
		0F5952551BAADD400057D0EC /* DetailsLabel.h */ = {isa = PBXFileReference; fileEncoding = 4; lastKnownFileType = sourcecode.c.h; path = DetailsLabel.h; sourceTree = "<group>"; };
		0F5952561BAADD400057D0EC /* DetailsLabel.m */ = {isa = PBXFileReference; fileEncoding = 4; lastKnownFileType = sourcecode.c.objc; path = DetailsLabel.m; sourceTree = "<group>"; };
		0F88A5961B974EEF0014AF20 /* ASIAuthenticationDialog.h */ = {isa = PBXFileReference; fileEncoding = 4; lastKnownFileType = sourcecode.c.h; path = ASIAuthenticationDialog.h; sourceTree = "<group>"; };
		0F88A5971B974EEF0014AF20 /* ASIAuthenticationDialog.m */ = {isa = PBXFileReference; fileEncoding = 4; lastKnownFileType = sourcecode.c.objc; path = ASIAuthenticationDialog.m; sourceTree = "<group>"; };
		0F88A5981B974EEF0014AF20 /* ASICacheDelegate.h */ = {isa = PBXFileReference; fileEncoding = 4; lastKnownFileType = sourcecode.c.h; path = ASICacheDelegate.h; sourceTree = "<group>"; };
		0F88A5991B974EEF0014AF20 /* ASIDataCompressor.h */ = {isa = PBXFileReference; fileEncoding = 4; lastKnownFileType = sourcecode.c.h; path = ASIDataCompressor.h; sourceTree = "<group>"; };
		0F88A59A1B974EEF0014AF20 /* ASIDataCompressor.m */ = {isa = PBXFileReference; fileEncoding = 4; lastKnownFileType = sourcecode.c.objc; path = ASIDataCompressor.m; sourceTree = "<group>"; };
		0F88A59B1B974EEF0014AF20 /* ASIDataDecompressor.h */ = {isa = PBXFileReference; fileEncoding = 4; lastKnownFileType = sourcecode.c.h; path = ASIDataDecompressor.h; sourceTree = "<group>"; };
		0F88A59C1B974EEF0014AF20 /* ASIDataDecompressor.m */ = {isa = PBXFileReference; fileEncoding = 4; lastKnownFileType = sourcecode.c.objc; path = ASIDataDecompressor.m; sourceTree = "<group>"; };
		0F88A59D1B974EEF0014AF20 /* ASIDownloadCache.h */ = {isa = PBXFileReference; fileEncoding = 4; lastKnownFileType = sourcecode.c.h; path = ASIDownloadCache.h; sourceTree = "<group>"; };
		0F88A59E1B974EEF0014AF20 /* ASIDownloadCache.m */ = {isa = PBXFileReference; fileEncoding = 4; lastKnownFileType = sourcecode.c.objc; path = ASIDownloadCache.m; sourceTree = "<group>"; };
		0F88A59F1B974EEF0014AF20 /* ASIFormDataRequest.h */ = {isa = PBXFileReference; fileEncoding = 4; lastKnownFileType = sourcecode.c.h; path = ASIFormDataRequest.h; sourceTree = "<group>"; };
		0F88A5A01B974EEF0014AF20 /* ASIFormDataRequest.m */ = {isa = PBXFileReference; fileEncoding = 4; lastKnownFileType = sourcecode.c.objc; path = ASIFormDataRequest.m; sourceTree = "<group>"; };
		0F88A5A11B974EEF0014AF20 /* ASIHTTPRequest.h */ = {isa = PBXFileReference; fileEncoding = 4; lastKnownFileType = sourcecode.c.h; path = ASIHTTPRequest.h; sourceTree = "<group>"; };
		0F88A5A21B974EEF0014AF20 /* ASIHTTPRequest.m */ = {isa = PBXFileReference; fileEncoding = 4; lastKnownFileType = sourcecode.c.objc; path = ASIHTTPRequest.m; sourceTree = "<group>"; };
		0F88A5A31B974EEF0014AF20 /* ASIHTTPRequestConfig.h */ = {isa = PBXFileReference; fileEncoding = 4; lastKnownFileType = sourcecode.c.h; path = ASIHTTPRequestConfig.h; sourceTree = "<group>"; };
		0F88A5A41B974EEF0014AF20 /* ASIHTTPRequestDelegate.h */ = {isa = PBXFileReference; fileEncoding = 4; lastKnownFileType = sourcecode.c.h; path = ASIHTTPRequestDelegate.h; sourceTree = "<group>"; };
		0F88A5A51B974EEF0014AF20 /* ASIInputStream.h */ = {isa = PBXFileReference; fileEncoding = 4; lastKnownFileType = sourcecode.c.h; path = ASIInputStream.h; sourceTree = "<group>"; };
		0F88A5A61B974EEF0014AF20 /* ASIInputStream.m */ = {isa = PBXFileReference; fileEncoding = 4; lastKnownFileType = sourcecode.c.objc; path = ASIInputStream.m; sourceTree = "<group>"; };
		0F88A5A71B974EEF0014AF20 /* ASINetworkQueue.h */ = {isa = PBXFileReference; fileEncoding = 4; lastKnownFileType = sourcecode.c.h; path = ASINetworkQueue.h; sourceTree = "<group>"; };
		0F88A5A81B974EEF0014AF20 /* ASINetworkQueue.m */ = {isa = PBXFileReference; fileEncoding = 4; lastKnownFileType = sourcecode.c.objc; path = ASINetworkQueue.m; sourceTree = "<group>"; };
		0F88A5A91B974EEF0014AF20 /* ASIProgressDelegate.h */ = {isa = PBXFileReference; fileEncoding = 4; lastKnownFileType = sourcecode.c.h; path = ASIProgressDelegate.h; sourceTree = "<group>"; };
		0F88A5B21B974F050014AF20 /* Reachability.h */ = {isa = PBXFileReference; fileEncoding = 4; lastKnownFileType = sourcecode.c.h; path = Reachability.h; sourceTree = "<group>"; };
		0F88A5B31B974F050014AF20 /* Reachability.m */ = {isa = PBXFileReference; fileEncoding = 4; lastKnownFileType = sourcecode.c.objc; path = Reachability.m; sourceTree = "<group>"; };
		0F88A5B51B9750180014AF20 /* CFNetwork.framework */ = {isa = PBXFileReference; lastKnownFileType = wrapper.framework; name = CFNetwork.framework; path = System/Library/Frameworks/CFNetwork.framework; sourceTree = SDKROOT; };
		0F88A5B71B9750220014AF20 /* SystemConfiguration.framework */ = {isa = PBXFileReference; lastKnownFileType = wrapper.framework; name = SystemConfiguration.framework; path = System/Library/Frameworks/SystemConfiguration.framework; sourceTree = SDKROOT; };
		0F88A5B91B9750290014AF20 /* MobileCoreServices.framework */ = {isa = PBXFileReference; lastKnownFileType = wrapper.framework; name = MobileCoreServices.framework; path = System/Library/Frameworks/MobileCoreServices.framework; sourceTree = SDKROOT; };
		0F88A5BB1B97502F0014AF20 /* CoreGraphics.framework */ = {isa = PBXFileReference; lastKnownFileType = wrapper.framework; name = CoreGraphics.framework; path = System/Library/Frameworks/CoreGraphics.framework; sourceTree = SDKROOT; };
		0F88A5BD1B97503F0014AF20 /* libz.dylib */ = {isa = PBXFileReference; lastKnownFileType = "compiled.mach-o.dylib"; name = libz.dylib; path = usr/lib/libz.dylib; sourceTree = SDKROOT; };
		0F88A5C01B97A1B20014AF20 /* very-basic-settings-icon.png */ = {isa = PBXFileReference; lastKnownFileType = image.png; path = "very-basic-settings-icon.png"; sourceTree = "<group>"; };
		0FAD7A381B95FE3F00C4463C /* PropertyDetail.h */ = {isa = PBXFileReference; fileEncoding = 4; lastKnownFileType = sourcecode.c.h; path = PropertyDetail.h; sourceTree = "<group>"; };
		0FAD7A391B95FE3F00C4463C /* PropertyDetail.m */ = {isa = PBXFileReference; fileEncoding = 4; lastKnownFileType = sourcecode.c.objc; path = PropertyDetail.m; sourceTree = "<group>"; };
		0FAD7A3B1B9601B400C4463C /* SetupViewController.h */ = {isa = PBXFileReference; fileEncoding = 4; lastKnownFileType = sourcecode.c.h; path = SetupViewController.h; sourceTree = "<group>"; };
		0FAD7A3C1B9601B400C4463C /* SetupViewController.m */ = {isa = PBXFileReference; fileEncoding = 4; lastKnownFileType = sourcecode.c.objc; path = SetupViewController.m; sourceTree = "<group>"; };
		0FBB09D51B98B23600505844 /* Parser.h */ = {isa = PBXFileReference; fileEncoding = 4; lastKnownFileType = sourcecode.c.h; path = Parser.h; sourceTree = "<group>"; };
		0FBB09D61B98B23600505844 /* Parser.m */ = {isa = PBXFileReference; fileEncoding = 4; lastKnownFileType = sourcecode.c.objc; path = Parser.m; sourceTree = "<group>"; };
		0FBB09D81B98F71F00505844 /* ListViewController.h */ = {isa = PBXFileReference; fileEncoding = 4; lastKnownFileType = sourcecode.c.h; path = ListViewController.h; sourceTree = "<group>"; };
		0FBB09D91B98F71F00505844 /* ListViewController.m */ = {isa = PBXFileReference; fileEncoding = 4; lastKnownFileType = sourcecode.c.objc; path = ListViewController.m; sourceTree = "<group>"; };
		0FBB09DB1B98F72B00505844 /* DetailsViewController.h */ = {isa = PBXFileReference; fileEncoding = 4; lastKnownFileType = sourcecode.c.h; path = DetailsViewController.h; sourceTree = "<group>"; };
		0FBB09DC1B98F72B00505844 /* DetailsViewController.m */ = {isa = PBXFileReference; fileEncoding = 4; lastKnownFileType = sourcecode.c.objc; path = DetailsViewController.m; sourceTree = "<group>"; };
		0FBB09DE1B98F73700505844 /* MapViewController.h */ = {isa = PBXFileReference; fileEncoding = 4; lastKnownFileType = sourcecode.c.h; path = MapViewController.h; sourceTree = "<group>"; };
		0FBB09DF1B98F73700505844 /* MapViewController.m */ = {isa = PBXFileReference; fileEncoding = 4; lastKnownFileType = sourcecode.c.objc; path = MapViewController.m; sourceTree = "<group>"; };
		0FBB09E11B98F74400505844 /* AddHomeViewController.h */ = {isa = PBXFileReference; fileEncoding = 4; lastKnownFileType = sourcecode.c.h; path = AddHomeViewController.h; sourceTree = "<group>"; };
		0FBB09E21B98F74400505844 /* AddHomeViewController.m */ = {isa = PBXFileReference; fileEncoding = 4; lastKnownFileType = sourcecode.c.objc; path = AddHomeViewController.m; sourceTree = "<group>"; };
		0FBB09E51B9B35E900505844 /* ListViewCell.xib */ = {isa = PBXFileReference; fileEncoding = 4; lastKnownFileType = file.xib; path = ListViewCell.xib; sourceTree = "<group>"; };
		0FBB09E71B9B388E00505844 /* ListViewCell.h */ = {isa = PBXFileReference; fileEncoding = 4; lastKnownFileType = sourcecode.c.h; path = ListViewCell.h; sourceTree = "<group>"; };
		0FBB09E81B9B388E00505844 /* ListViewCell.m */ = {isa = PBXFileReference; fileEncoding = 4; lastKnownFileType = sourcecode.c.objc; path = ListViewCell.m; sourceTree = "<group>"; };
		0FBB09EA1B9B677200505844 /* placeholder.png */ = {isa = PBXFileReference; lastKnownFileType = image.png; path = placeholder.png; sourceTree = "<group>"; };
		0FBB09EC1B9B7FB500505844 /* list_filled-25.png */ = {isa = PBXFileReference; lastKnownFileType = image.png; path = "list_filled-25.png"; sourceTree = "<group>"; };
		0FBB09EE1B9B7FED00505844 /* map-25.png */ = {isa = PBXFileReference; lastKnownFileType = image.png; path = "map-25.png"; sourceTree = "<group>"; };
		0FBB09F01B9B800E00505844 /* home_automation-25.png */ = {isa = PBXFileReference; lastKnownFileType = image.png; path = "home_automation-25.png"; sourceTree = "<group>"; };
		0FBB09F21B9F309000505844 /* PropertyAnnotation.h */ = {isa = PBXFileReference; fileEncoding = 4; lastKnownFileType = sourcecode.c.h; path = PropertyAnnotation.h; sourceTree = "<group>"; };
		0FBB09F31B9F309000505844 /* PropertyAnnotation.m */ = {isa = PBXFileReference; fileEncoding = 4; lastKnownFileType = sourcecode.c.objc; path = PropertyAnnotation.m; sourceTree = "<group>"; };
		0FBB09F51B9F3A3D00505844 /* AnnotationView.xib */ = {isa = PBXFileReference; fileEncoding = 4; lastKnownFileType = file.xib; path = AnnotationView.xib; sourceTree = "<group>"; };
		0FBB09F71BA05F9200505844 /* pin.png */ = {isa = PBXFileReference; lastKnownFileType = image.png; path = pin.png; sourceTree = "<group>"; };
		0FBB09F91BA061E400505844 /* AnnotationView.h */ = {isa = PBXFileReference; fileEncoding = 4; lastKnownFileType = sourcecode.c.h; path = AnnotationView.h; sourceTree = "<group>"; };
		0FBB09FA1BA061E400505844 /* AnnotationView.m */ = {isa = PBXFileReference; fileEncoding = 4; lastKnownFileType = sourcecode.c.objc; path = AnnotationView.m; sourceTree = "<group>"; };
		17637B6B330BD8A31319FD1A /* Pods_HomeBuyerAlert.framework */ = {isa = PBXFileReference; explicitFileType = wrapper.framework; includeInIndex = 0; path = Pods_HomeBuyerAlert.framework; sourceTree = BUILT_PRODUCTS_DIR; };
		44AC9E4156FA60947A8F95DE /* Pods-HomeBuyerAlert.release.xcconfig */ = {isa = PBXFileReference; includeInIndex = 1; lastKnownFileType = text.xcconfig; name = "Pods-HomeBuyerAlert.release.xcconfig"; path = "Pods/Target Support Files/Pods-HomeBuyerAlert/Pods-HomeBuyerAlert.release.xcconfig"; sourceTree = "<group>"; };
		76465F150A5D806524FB7035 /* Pods-HomeBuyerAlert.debug.xcconfig */ = {isa = PBXFileReference; includeInIndex = 1; lastKnownFileType = text.xcconfig; name = "Pods-HomeBuyerAlert.debug.xcconfig"; path = "Pods/Target Support Files/Pods-HomeBuyerAlert/Pods-HomeBuyerAlert.debug.xcconfig"; sourceTree = "<group>"; };
/* End PBXFileReference section */

/* Begin PBXFrameworksBuildPhase section */
		0F2E288F1B9506E30018573B /* Frameworks */ = {
			isa = PBXFrameworksBuildPhase;
			buildActionMask = 2147483647;
			files = (
				0F37ED041BB31AC400FC360F /* MessageUI.framework in Frameworks */,
				0F88A5BE1B97503F0014AF20 /* libz.dylib in Frameworks */,
				0F88A5BC1B97502F0014AF20 /* CoreGraphics.framework in Frameworks */,
				0F88A5BA1B9750290014AF20 /* MobileCoreServices.framework in Frameworks */,
				0F88A5B81B9750220014AF20 /* SystemConfiguration.framework in Frameworks */,
				0F88A5B61B9750180014AF20 /* CFNetwork.framework in Frameworks */,
				ED47ECFF89E264F966B40DCF /* Pods_HomeBuyerAlert.framework in Frameworks */,
			);
			runOnlyForDeploymentPostprocessing = 0;
		};
		0F2E28A81B9506E30018573B /* Frameworks */ = {
			isa = PBXFrameworksBuildPhase;
			buildActionMask = 2147483647;
			files = (
			);
			runOnlyForDeploymentPostprocessing = 0;
		};
/* End PBXFrameworksBuildPhase section */

/* Begin PBXGroup section */
		0F11A7131BB4B5FF001D7F85 /* Launch images */ = {
			isa = PBXGroup;
			children = (
				0F11A70B1BB4B5F9001D7F85 /* Default.png */,
				0F11A70C1BB4B5F9001D7F85 /* Default-568h@2x.png */,
				0F11A70D1BB4B5F9001D7F85 /* Default-667h@2x.png */,
				0F11A70E1BB4B5F9001D7F85 /* Default-736@3x.png */,
			);
			name = "Launch images";
			sourceTree = "<group>";
		};
		0F2E28891B9506E30018573B = {
			isa = PBXGroup;
			children = (
				0F2E28941B9506E30018573B /* HomeBuyerAlert */,
				0F2E28AE1B9506E30018573B /* HomeBuyerAlertTests */,
				0F2E28931B9506E30018573B /* Products */,
				E6A5808FF6D88948C094FDB0 /* Pods */,
				D8804546CEB06443656779B1 /* Frameworks */,
			);
			sourceTree = "<group>";
		};
		0F2E28931B9506E30018573B /* Products */ = {
			isa = PBXGroup;
			children = (
				0F2E28921B9506E30018573B /* HomeBuyerAlert.app */,
				0F2E28AB1B9506E30018573B /* HomeBuyerAlertTests.xctest */,
			);
			name = Products;
			sourceTree = "<group>";
		};
		0F2E28941B9506E30018573B /* HomeBuyerAlert */ = {
			isa = PBXGroup;
			children = (
				0F88A5951B974EE60014AF20 /* External */,
				0F2E28BB1B9509200018573B /* Assets */,
				0F2E28991B9506E30018573B /* AppDelegate.h */,
				0F2E289A1B9506E30018573B /* AppDelegate.m */,
				0F2E28BF1B95F7B50018573B /* Model */,
				0F2E28BE1B95F7AD0018573B /* Controller */,
				0FBB09E41B98F76A00505844 /* View */,
				0F2E28A21B9506E30018573B /* Images.xcassets */,
				0F11A7091BB4B58C001D7F85 /* Images-2.xcassets */,
				0F2E28951B9506E30018573B /* Supporting Files */,
			);
			path = HomeBuyerAlert;
			sourceTree = "<group>";
		};
		0F2E28951B9506E30018573B /* Supporting Files */ = {
			isa = PBXGroup;
			children = (
				0F2E28961B9506E30018573B /* Info.plist */,
				0F2E28971B9506E30018573B /* main.m */,
			);
			name = "Supporting Files";
			sourceTree = "<group>";
		};
		0F2E28AE1B9506E30018573B /* HomeBuyerAlertTests */ = {
			isa = PBXGroup;
			children = (
				0F2E28B11B9506E30018573B /* HomeBuyerAlertTests.m */,
				0F2E28AF1B9506E30018573B /* Supporting Files */,
			);
			path = HomeBuyerAlertTests;
			sourceTree = "<group>";
		};
		0F2E28AF1B9506E30018573B /* Supporting Files */ = {
			isa = PBXGroup;
			children = (
				0F2E28B01B9506E30018573B /* Info.plist */,
			);
			name = "Supporting Files";
			sourceTree = "<group>";
		};
		0F2E28BB1B9509200018573B /* Assets */ = {
			isa = PBXGroup;
			children = (
				0F38D2611BBD77580042A238 /* Google ToolBox */,
				0F11A7131BB4B5FF001D7F85 /* Launch images */,
				0FBB09EA1B9B677200505844 /* placeholder.png */,
				0F88A5C01B97A1B20014AF20 /* very-basic-settings-icon.png */,
				0F2E28BC1B9509470018573B /* home-buyer-alert-logo.png */,
				0FBB09EC1B9B7FB500505844 /* list_filled-25.png */,
				0FBB09EE1B9B7FED00505844 /* map-25.png */,
				0FBB09F01B9B800E00505844 /* home_automation-25.png */,
				0FBB09F71BA05F9200505844 /* pin.png */,
			);
			name = Assets;
			sourceTree = "<group>";
		};
		0F2E28BE1B95F7AD0018573B /* Controller */ = {
			isa = PBXGroup;
			children = (
				0F2E289C1B9506E30018573B /* WelcomeViewController.h */,
				0F2E289D1B9506E30018573B /* WelcomeViewController.m */,
				0FAD7A3B1B9601B400C4463C /* SetupViewController.h */,
				0FAD7A3C1B9601B400C4463C /* SetupViewController.m */,
				0FBB09D81B98F71F00505844 /* ListViewController.h */,
				0FBB09D91B98F71F00505844 /* ListViewController.m */,
				0FBB09DB1B98F72B00505844 /* DetailsViewController.h */,
				0FBB09DC1B98F72B00505844 /* DetailsViewController.m */,
				0FBB09DE1B98F73700505844 /* MapViewController.h */,
				0FBB09DF1B98F73700505844 /* MapViewController.m */,
				0FBB09E11B98F74400505844 /* AddHomeViewController.h */,
				0FBB09E21B98F74400505844 /* AddHomeViewController.m */,
			);
			name = Controller;
			sourceTree = "<group>";
		};
		0F2E28BF1B95F7B50018573B /* Model */ = {
			isa = PBXGroup;
			children = (
				0FBB09F21B9F309000505844 /* PropertyAnnotation.h */,
				0FBB09F31B9F309000505844 /* PropertyAnnotation.m */,
				0F2E28C01B95F7CA0018573B /* Networking.h */,
				0F2E28C11B95F7CA0018573B /* Networking.m */,
				0FBB09D51B98B23600505844 /* Parser.h */,
				0FBB09D61B98B23600505844 /* Parser.m */,
				0F2E28C31B95FD3A0018573B /* Property.h */,
				0F2E28C41B95FD3A0018573B /* Property.m */,
				0FAD7A381B95FE3F00C4463C /* PropertyDetail.h */,
				0FAD7A391B95FE3F00C4463C /* PropertyDetail.m */,
			);
			name = Model;
			sourceTree = "<group>";
		};
		0F38D2611BBD77580042A238 /* Google ToolBox */ = {
			isa = PBXGroup;
			children = (
				0F38D3341BBD7C1C0042A238 /* GTMNSString+HTML.h */,
				0F38D3351BBD7C1C0042A238 /* GTMNSString+HTML.m */,
				0F38D3371BBD7C940042A238 /* GTMDefines.h */,
			);
			name = "Google ToolBox";
			sourceTree = "<group>";
		};
		0F88A5951B974EE60014AF20 /* External */ = {
			isa = PBXGroup;
			children = (
				0F88A5BF1B975A540014AF20 /* ASIHTTPRequest */,
			);
			name = External;
			sourceTree = "<group>";
		};
		0F88A5BF1B975A540014AF20 /* ASIHTTPRequest */ = {
			isa = PBXGroup;
			children = (
				0F88A5961B974EEF0014AF20 /* ASIAuthenticationDialog.h */,
				0F88A5971B974EEF0014AF20 /* ASIAuthenticationDialog.m */,
				0F88A5981B974EEF0014AF20 /* ASICacheDelegate.h */,
				0F88A5991B974EEF0014AF20 /* ASIDataCompressor.h */,
				0F88A59A1B974EEF0014AF20 /* ASIDataCompressor.m */,
				0F88A59B1B974EEF0014AF20 /* ASIDataDecompressor.h */,
				0F88A59C1B974EEF0014AF20 /* ASIDataDecompressor.m */,
				0F88A59D1B974EEF0014AF20 /* ASIDownloadCache.h */,
				0F88A59E1B974EEF0014AF20 /* ASIDownloadCache.m */,
				0F88A59F1B974EEF0014AF20 /* ASIFormDataRequest.h */,
				0F88A5A01B974EEF0014AF20 /* ASIFormDataRequest.m */,
				0F88A5A11B974EEF0014AF20 /* ASIHTTPRequest.h */,
				0F88A5A21B974EEF0014AF20 /* ASIHTTPRequest.m */,
				0F88A5A31B974EEF0014AF20 /* ASIHTTPRequestConfig.h */,
				0F88A5A41B974EEF0014AF20 /* ASIHTTPRequestDelegate.h */,
				0F88A5A51B974EEF0014AF20 /* ASIInputStream.h */,
				0F88A5A61B974EEF0014AF20 /* ASIInputStream.m */,
				0F88A5A71B974EEF0014AF20 /* ASINetworkQueue.h */,
				0F88A5A81B974EEF0014AF20 /* ASINetworkQueue.m */,
				0F88A5A91B974EEF0014AF20 /* ASIProgressDelegate.h */,
				0F88A5B21B974F050014AF20 /* Reachability.h */,
				0F88A5B31B974F050014AF20 /* Reachability.m */,
			);
			name = ASIHTTPRequest;
			sourceTree = "<group>";
		};
		0FBB09E41B98F76A00505844 /* View */ = {
			isa = PBXGroup;
			children = (
				0F2E289F1B9506E30018573B /* Main.storyboard */,
				0F36E0581BB018F90067F0A3 /* iPad.storyboard */,
				0FBB09E71B9B388E00505844 /* ListViewCell.h */,
				0FBB09E81B9B388E00505844 /* ListViewCell.m */,
				0F5952521BAADCB40057D0EC /* DetailsCustomCell.h */,
				0F5952531BAADCB40057D0EC /* DetailsCustomCell.m */,
				0F5952551BAADD400057D0EC /* DetailsLabel.h */,
				0F5952561BAADD400057D0EC /* DetailsLabel.m */,
				0FBB09F91BA061E400505844 /* AnnotationView.h */,
				0FBB09FA1BA061E400505844 /* AnnotationView.m */,
				0FBB09F51B9F3A3D00505844 /* AnnotationView.xib */,
				0FBB09E51B9B35E900505844 /* ListViewCell.xib */,
				0F2E28A41B9506E30018573B /* LaunchScreen.xib */,
			);
			name = View;
			sourceTree = "<group>";
		};
		D8804546CEB06443656779B1 /* Frameworks */ = {
			isa = PBXGroup;
			children = (
				0F37ED031BB31AC400FC360F /* MessageUI.framework */,
				0F88A5BD1B97503F0014AF20 /* libz.dylib */,
				0F88A5BB1B97502F0014AF20 /* CoreGraphics.framework */,
				0F88A5B91B9750290014AF20 /* MobileCoreServices.framework */,
				0F88A5B71B9750220014AF20 /* SystemConfiguration.framework */,
				0F88A5B51B9750180014AF20 /* CFNetwork.framework */,
				17637B6B330BD8A31319FD1A /* Pods_HomeBuyerAlert.framework */,
			);
			name = Frameworks;
			sourceTree = "<group>";
		};
		E6A5808FF6D88948C094FDB0 /* Pods */ = {
			isa = PBXGroup;
			children = (
				76465F150A5D806524FB7035 /* Pods-HomeBuyerAlert.debug.xcconfig */,
				44AC9E4156FA60947A8F95DE /* Pods-HomeBuyerAlert.release.xcconfig */,
			);
			name = Pods;
			sourceTree = "<group>";
		};
/* End PBXGroup section */

/* Begin PBXNativeTarget section */
		0F2E28911B9506E30018573B /* HomeBuyerAlert */ = {
			isa = PBXNativeTarget;
			buildConfigurationList = 0F2E28B51B9506E30018573B /* Build configuration list for PBXNativeTarget "HomeBuyerAlert" */;
			buildPhases = (
				ADAE8B52693242F491D99D2A /* Check Pods Manifest.lock */,
				0F2E288E1B9506E30018573B /* Sources */,
				0F2E288F1B9506E30018573B /* Frameworks */,
				0F2E28901B9506E30018573B /* Resources */,
				A7449DBABB438B0BF0F3F0B1 /* Copy Pods Resources */,
				26491F454923112F95BF4E4F /* Embed Pods Frameworks */,
				0FF458821BCF0C870028A916 /* ShellScript */,
			);
			buildRules = (
			);
			dependencies = (
			);
			name = HomeBuyerAlert;
			productName = HomeBuyerAlert;
			productReference = 0F2E28921B9506E30018573B /* HomeBuyerAlert.app */;
			productType = "com.apple.product-type.application";
		};
		0F2E28AA1B9506E30018573B /* HomeBuyerAlertTests */ = {
			isa = PBXNativeTarget;
			buildConfigurationList = 0F2E28B81B9506E30018573B /* Build configuration list for PBXNativeTarget "HomeBuyerAlertTests" */;
			buildPhases = (
				0F2E28A71B9506E30018573B /* Sources */,
				0F2E28A81B9506E30018573B /* Frameworks */,
				0F2E28A91B9506E30018573B /* Resources */,
			);
			buildRules = (
			);
			dependencies = (
				0F2E28AD1B9506E30018573B /* PBXTargetDependency */,
			);
			name = HomeBuyerAlertTests;
			productName = HomeBuyerAlertTests;
			productReference = 0F2E28AB1B9506E30018573B /* HomeBuyerAlertTests.xctest */;
			productType = "com.apple.product-type.bundle.unit-test";
		};
/* End PBXNativeTarget section */

/* Begin PBXProject section */
		0F2E288A1B9506E30018573B /* Project object */ = {
			isa = PBXProject;
			attributes = {
				LastUpgradeCheck = 0640;
				ORGANIZATIONNAME = "Alexandru Clapa";
				TargetAttributes = {
					0F2E28911B9506E30018573B = {
						CreatedOnToolsVersion = 6.4;
						DevelopmentTeam = Q3V7L8YK8G;
					};
					0F2E28AA1B9506E30018573B = {
						CreatedOnToolsVersion = 6.4;
						TestTargetID = 0F2E28911B9506E30018573B;
					};
				};
			};
			buildConfigurationList = 0F2E288D1B9506E30018573B /* Build configuration list for PBXProject "HomeBuyerAlert" */;
			compatibilityVersion = "Xcode 3.2";
			developmentRegion = English;
			hasScannedForEncodings = 0;
			knownRegions = (
				en,
				Base,
			);
			mainGroup = 0F2E28891B9506E30018573B;
			productRefGroup = 0F2E28931B9506E30018573B /* Products */;
			projectDirPath = "";
			projectRoot = "";
			targets = (
				0F2E28911B9506E30018573B /* HomeBuyerAlert */,
				0F2E28AA1B9506E30018573B /* HomeBuyerAlertTests */,
			);
		};
/* End PBXProject section */

/* Begin PBXResourcesBuildPhase section */
		0F2E28901B9506E30018573B /* Resources */ = {
			isa = PBXResourcesBuildPhase;
			buildActionMask = 2147483647;
			files = (
				0F2E28BD1B9509470018573B /* home-buyer-alert-logo.png in Resources */,
				0F2E28A11B9506E30018573B /* Main.storyboard in Resources */,
				0F11A70A1BB4B58C001D7F85 /* Images-2.xcassets in Resources */,
				0FBB09E61B9B35E900505844 /* ListViewCell.xib in Resources */,
				0FBB09EF1B9B7FED00505844 /* map-25.png in Resources */,
				0F88A5C11B97A1B20014AF20 /* very-basic-settings-icon.png in Resources */,
				0F11A7111BB4B5F9001D7F85 /* Default-667h@2x.png in Resources */,
				0FBB09ED1B9B7FB500505844 /* list_filled-25.png in Resources */,
				0FBB09F11B9B800E00505844 /* home_automation-25.png in Resources */,
				0FBB09EB1B9B677200505844 /* placeholder.png in Resources */,
				0F2E28A61B9506E30018573B /* LaunchScreen.xib in Resources */,
				0F11A70F1BB4B5F9001D7F85 /* Default.png in Resources */,
				0F36E0591BB018F90067F0A3 /* iPad.storyboard in Resources */,
				0FBB09F81BA05F9200505844 /* pin.png in Resources */,
				0F11A7101BB4B5F9001D7F85 /* Default-568h@2x.png in Resources */,
				0FBB09F61B9F3A3D00505844 /* AnnotationView.xib in Resources */,
				0F11A7121BB4B5F9001D7F85 /* Default-736@3x.png in Resources */,
				0F2E28A31B9506E30018573B /* Images.xcassets in Resources */,
			);
			runOnlyForDeploymentPostprocessing = 0;
		};
		0F2E28A91B9506E30018573B /* Resources */ = {
			isa = PBXResourcesBuildPhase;
			buildActionMask = 2147483647;
			files = (
			);
			runOnlyForDeploymentPostprocessing = 0;
		};
/* End PBXResourcesBuildPhase section */

/* Begin PBXShellScriptBuildPhase section */
		0FF458821BCF0C870028A916 /* ShellScript */ = {
			isa = PBXShellScriptBuildPhase;
			buildActionMask = 2147483647;
			files = (
			);
			inputPaths = (
			);
			outputPaths = (
			);
			runOnlyForDeploymentPostprocessing = 0;
			shellPath = /bin/sh;
			shellScript = "SCRIPT=`/usr/bin/find \"${SRCROOT}\" -name newrelic_postbuild.sh | head -n 1`\n\n/bin/sh \"${SCRIPT}\" \"AAfdc428419197f836be7bdab19d52678272f67384\"";
		};
		26491F454923112F95BF4E4F /* Embed Pods Frameworks */ = {
			isa = PBXShellScriptBuildPhase;
			buildActionMask = 2147483647;
			files = (
			);
			inputPaths = (
			);
			name = "Embed Pods Frameworks";
			outputPaths = (
			);
			runOnlyForDeploymentPostprocessing = 0;
			shellPath = /bin/sh;
			shellScript = "\"${SRCROOT}/Pods/Target Support Files/Pods-HomeBuyerAlert/Pods-HomeBuyerAlert-frameworks.sh\"\n";
			showEnvVarsInLog = 0;
		};
		A7449DBABB438B0BF0F3F0B1 /* Copy Pods Resources */ = {
			isa = PBXShellScriptBuildPhase;
			buildActionMask = 2147483647;
			files = (
			);
			inputPaths = (
			);
			name = "Copy Pods Resources";
			outputPaths = (
			);
			runOnlyForDeploymentPostprocessing = 0;
			shellPath = /bin/sh;
			shellScript = "\"${SRCROOT}/Pods/Target Support Files/Pods-HomeBuyerAlert/Pods-HomeBuyerAlert-resources.sh\"\n";
			showEnvVarsInLog = 0;
		};
		ADAE8B52693242F491D99D2A /* Check Pods Manifest.lock */ = {
			isa = PBXShellScriptBuildPhase;
			buildActionMask = 2147483647;
			files = (
			);
			inputPaths = (
			);
			name = "Check Pods Manifest.lock";
			outputPaths = (
			);
			runOnlyForDeploymentPostprocessing = 0;
			shellPath = /bin/sh;
			shellScript = "diff \"${PODS_ROOT}/../Podfile.lock\" \"${PODS_ROOT}/Manifest.lock\" > /dev/null\nif [[ $? != 0 ]] ; then\n    cat << EOM\nerror: The sandbox is not in sync with the Podfile.lock. Run 'pod install' or update your CocoaPods installation.\nEOM\n    exit 1\nfi\n";
			showEnvVarsInLog = 0;
		};
/* End PBXShellScriptBuildPhase section */

/* Begin PBXSourcesBuildPhase section */
		0F2E288E1B9506E30018573B /* Sources */ = {
			isa = PBXSourcesBuildPhase;
			buildActionMask = 2147483647;
			files = (
				0F2E28C51B95FD3A0018573B /* Property.m in Sources */,
				0FBB09FB1BA061E400505844 /* AnnotationView.m in Sources */,
				0F38D3361BBD7C1C0042A238 /* GTMNSString+HTML.m in Sources */,
				0F88A5AA1B974EEF0014AF20 /* ASIAuthenticationDialog.m in Sources */,
				0FBB09DD1B98F72B00505844 /* DetailsViewController.m in Sources */,
				0FBB09DA1B98F71F00505844 /* ListViewController.m in Sources */,
				0F2E289E1B9506E30018573B /* WelcomeViewController.m in Sources */,
				0F88A5AB1B974EEF0014AF20 /* ASIDataCompressor.m in Sources */,
				0FAD7A3D1B9601B400C4463C /* SetupViewController.m in Sources */,
				0FBB09E01B98F73700505844 /* MapViewController.m in Sources */,
				0F2E289B1B9506E30018573B /* AppDelegate.m in Sources */,
				0F88A5B01B974EEF0014AF20 /* ASIInputStream.m in Sources */,
				0F88A5AF1B974EEF0014AF20 /* ASIHTTPRequest.m in Sources */,
				0FBB09D71B98B23600505844 /* Parser.m in Sources */,
				0F2E28981B9506E30018573B /* main.m in Sources */,
				0F88A5AE1B974EEF0014AF20 /* ASIFormDataRequest.m in Sources */,
				0F88A5B41B974F050014AF20 /* Reachability.m in Sources */,
				0F88A5AD1B974EEF0014AF20 /* ASIDownloadCache.m in Sources */,
				0F5952571BAADD400057D0EC /* DetailsLabel.m in Sources */,
				0FBB09F41B9F309000505844 /* PropertyAnnotation.m in Sources */,
				0FBB09E91B9B388E00505844 /* ListViewCell.m in Sources */,
				0F2E28C21B95F7CA0018573B /* Networking.m in Sources */,
				0F5952541BAADCB40057D0EC /* DetailsCustomCell.m in Sources */,
				0FAD7A3A1B95FE3F00C4463C /* PropertyDetail.m in Sources */,
				0FBB09E31B98F74400505844 /* AddHomeViewController.m in Sources */,
				0F88A5AC1B974EEF0014AF20 /* ASIDataDecompressor.m in Sources */,
				0F88A5B11B974EEF0014AF20 /* ASINetworkQueue.m in Sources */,
			);
			runOnlyForDeploymentPostprocessing = 0;
		};
		0F2E28A71B9506E30018573B /* Sources */ = {
			isa = PBXSourcesBuildPhase;
			buildActionMask = 2147483647;
			files = (
				0F2E28B21B9506E30018573B /* HomeBuyerAlertTests.m in Sources */,
			);
			runOnlyForDeploymentPostprocessing = 0;
		};
/* End PBXSourcesBuildPhase section */

/* Begin PBXTargetDependency section */
		0F2E28AD1B9506E30018573B /* PBXTargetDependency */ = {
			isa = PBXTargetDependency;
			target = 0F2E28911B9506E30018573B /* HomeBuyerAlert */;
			targetProxy = 0F2E28AC1B9506E30018573B /* PBXContainerItemProxy */;
		};
/* End PBXTargetDependency section */

/* Begin PBXVariantGroup section */
		0F2E289F1B9506E30018573B /* Main.storyboard */ = {
			isa = PBXVariantGroup;
			children = (
				0F2E28A01B9506E30018573B /* Base */,
			);
			name = Main.storyboard;
			sourceTree = "<group>";
		};
		0F2E28A41B9506E30018573B /* LaunchScreen.xib */ = {
			isa = PBXVariantGroup;
			children = (
				0F2E28A51B9506E30018573B /* Base */,
			);
			name = LaunchScreen.xib;
			sourceTree = "<group>";
		};
/* End PBXVariantGroup section */

/* Begin XCBuildConfiguration section */
		0F2E28B31B9506E30018573B /* Debug */ = {
			isa = XCBuildConfiguration;
			buildSettings = {
				ALWAYS_SEARCH_USER_PATHS = NO;
				CLANG_CXX_LANGUAGE_STANDARD = "gnu++0x";
				CLANG_CXX_LIBRARY = "libc++";
				CLANG_ENABLE_MODULES = YES;
				CLANG_ENABLE_OBJC_ARC = YES;
				CLANG_WARN_BOOL_CONVERSION = YES;
				CLANG_WARN_CONSTANT_CONVERSION = YES;
				CLANG_WARN_DIRECT_OBJC_ISA_USAGE = YES_ERROR;
				CLANG_WARN_EMPTY_BODY = YES;
				CLANG_WARN_ENUM_CONVERSION = YES;
				CLANG_WARN_INT_CONVERSION = YES;
				CLANG_WARN_OBJC_ROOT_CLASS = YES_ERROR;
				CLANG_WARN_UNREACHABLE_CODE = YES;
				CLANG_WARN__DUPLICATE_METHOD_MATCH = YES;
				"CODE_SIGN_IDENTITY[sdk=iphoneos*]" = "iPhone Developer";
				COPY_PHASE_STRIP = NO;
				DEBUG_INFORMATION_FORMAT = "dwarf-with-dsym";
				ENABLE_STRICT_OBJC_MSGSEND = YES;
				GCC_C_LANGUAGE_STANDARD = gnu99;
				GCC_DYNAMIC_NO_PIC = NO;
				GCC_NO_COMMON_BLOCKS = YES;
				GCC_OPTIMIZATION_LEVEL = 0;
				GCC_PREPROCESSOR_DEFINITIONS = (
					"DEBUG=1",
					"$(inherited)",
				);
				GCC_SYMBOLS_PRIVATE_EXTERN = NO;
				GCC_WARN_64_TO_32_BIT_CONVERSION = YES;
				GCC_WARN_ABOUT_RETURN_TYPE = YES_ERROR;
				GCC_WARN_UNDECLARED_SELECTOR = YES;
				GCC_WARN_UNINITIALIZED_AUTOS = YES_AGGRESSIVE;
				GCC_WARN_UNUSED_FUNCTION = YES;
				GCC_WARN_UNUSED_VARIABLE = YES;
				IPHONEOS_DEPLOYMENT_TARGET = 8.4;
				MTL_ENABLE_DEBUG_INFO = YES;
				ONLY_ACTIVE_ARCH = YES;
				SDKROOT = iphoneos;
			};
			name = Debug;
		};
		0F2E28B41B9506E30018573B /* Release */ = {
			isa = XCBuildConfiguration;
			buildSettings = {
				ALWAYS_SEARCH_USER_PATHS = NO;
				CLANG_CXX_LANGUAGE_STANDARD = "gnu++0x";
				CLANG_CXX_LIBRARY = "libc++";
				CLANG_ENABLE_MODULES = YES;
				CLANG_ENABLE_OBJC_ARC = YES;
				CLANG_WARN_BOOL_CONVERSION = YES;
				CLANG_WARN_CONSTANT_CONVERSION = YES;
				CLANG_WARN_DIRECT_OBJC_ISA_USAGE = YES_ERROR;
				CLANG_WARN_EMPTY_BODY = YES;
				CLANG_WARN_ENUM_CONVERSION = YES;
				CLANG_WARN_INT_CONVERSION = YES;
				CLANG_WARN_OBJC_ROOT_CLASS = YES_ERROR;
				CLANG_WARN_UNREACHABLE_CODE = YES;
				CLANG_WARN__DUPLICATE_METHOD_MATCH = YES;
				"CODE_SIGN_IDENTITY[sdk=iphoneos*]" = "iPhone Developer";
				COPY_PHASE_STRIP = NO;
				DEBUG_INFORMATION_FORMAT = "dwarf-with-dsym";
				ENABLE_NS_ASSERTIONS = NO;
				ENABLE_STRICT_OBJC_MSGSEND = YES;
				GCC_C_LANGUAGE_STANDARD = gnu99;
				GCC_NO_COMMON_BLOCKS = YES;
				GCC_WARN_64_TO_32_BIT_CONVERSION = YES;
				GCC_WARN_ABOUT_RETURN_TYPE = YES_ERROR;
				GCC_WARN_UNDECLARED_SELECTOR = YES;
				GCC_WARN_UNINITIALIZED_AUTOS = YES_AGGRESSIVE;
				GCC_WARN_UNUSED_FUNCTION = YES;
				GCC_WARN_UNUSED_VARIABLE = YES;
				IPHONEOS_DEPLOYMENT_TARGET = 8.4;
				MTL_ENABLE_DEBUG_INFO = NO;
				SDKROOT = iphoneos;
				VALIDATE_PRODUCT = YES;
			};
			name = Release;
		};
		0F2E28B61B9506E30018573B /* Debug */ = {
			isa = XCBuildConfiguration;
			baseConfigurationReference = 76465F150A5D806524FB7035 /* Pods-HomeBuyerAlert.debug.xcconfig */;
			buildSettings = {
				ASSETCATALOG_COMPILER_APPICON_NAME = AppIcons;
				CODE_SIGN_IDENTITY = "iPhone Developer";
				INFOPLIST_FILE = HomeBuyerAlert/Info.plist;
				IPHONEOS_DEPLOYMENT_TARGET = 8.0;
				LD_RUNPATH_SEARCH_PATHS = "$(inherited) @executable_path/Frameworks";
				PRODUCT_NAME = "$(TARGET_NAME)";
				TARGETED_DEVICE_FAMILY = "1,2";
			};
			name = Debug;
		};
		0F2E28B71B9506E30018573B /* Release */ = {
			isa = XCBuildConfiguration;
			baseConfigurationReference = 44AC9E4156FA60947A8F95DE /* Pods-HomeBuyerAlert.release.xcconfig */;
			buildSettings = {
				ASSETCATALOG_COMPILER_APPICON_NAME = AppIcons;
				CODE_SIGN_IDENTITY = "iPhone Developer";
				INFOPLIST_FILE = HomeBuyerAlert/Info.plist;
				IPHONEOS_DEPLOYMENT_TARGET = 8.0;
				LD_RUNPATH_SEARCH_PATHS = "$(inherited) @executable_path/Frameworks";
				PRODUCT_NAME = "$(TARGET_NAME)";
				TARGETED_DEVICE_FAMILY = "1,2";
			};
			name = Release;
		};
		0F2E28B91B9506E30018573B /* Debug */ = {
			isa = XCBuildConfiguration;
			buildSettings = {
				BUNDLE_LOADER = "$(TEST_HOST)";
				FRAMEWORK_SEARCH_PATHS = (
					"$(SDKROOT)/Developer/Library/Frameworks",
					"$(inherited)",
				);
				GCC_PREPROCESSOR_DEFINITIONS = (
					"DEBUG=1",
					"$(inherited)",
				);
				INFOPLIST_FILE = HomeBuyerAlertTests/Info.plist;
				LD_RUNPATH_SEARCH_PATHS = "$(inherited) @executable_path/Frameworks @loader_path/Frameworks";
				PRODUCT_NAME = "$(TARGET_NAME)";
				TEST_HOST = "$(BUILT_PRODUCTS_DIR)/HomeBuyerAlert.app/HomeBuyerAlert";
			};
			name = Debug;
		};
		0F2E28BA1B9506E30018573B /* Release */ = {
			isa = XCBuildConfiguration;
			buildSettings = {
				BUNDLE_LOADER = "$(TEST_HOST)";
				FRAMEWORK_SEARCH_PATHS = (
					"$(SDKROOT)/Developer/Library/Frameworks",
					"$(inherited)",
				);
				INFOPLIST_FILE = HomeBuyerAlertTests/Info.plist;
				LD_RUNPATH_SEARCH_PATHS = "$(inherited) @executable_path/Frameworks @loader_path/Frameworks";
				PRODUCT_NAME = "$(TARGET_NAME)";
				TEST_HOST = "$(BUILT_PRODUCTS_DIR)/HomeBuyerAlert.app/HomeBuyerAlert";
			};
			name = Release;
		};
/* End XCBuildConfiguration section */

/* Begin XCConfigurationList section */
		0F2E288D1B9506E30018573B /* Build configuration list for PBXProject "HomeBuyerAlert" */ = {
			isa = XCConfigurationList;
			buildConfigurations = (
				0F2E28B31B9506E30018573B /* Debug */,
				0F2E28B41B9506E30018573B /* Release */,
			);
			defaultConfigurationIsVisible = 0;
			defaultConfigurationName = Release;
		};
		0F2E28B51B9506E30018573B /* Build configuration list for PBXNativeTarget "HomeBuyerAlert" */ = {
			isa = XCConfigurationList;
			buildConfigurations = (
				0F2E28B61B9506E30018573B /* Debug */,
				0F2E28B71B9506E30018573B /* Release */,
			);
			defaultConfigurationIsVisible = 0;
			defaultConfigurationName = Release;
		};
		0F2E28B81B9506E30018573B /* Build configuration list for PBXNativeTarget "HomeBuyerAlertTests" */ = {
			isa = XCConfigurationList;
			buildConfigurations = (
				0F2E28B91B9506E30018573B /* Debug */,
				0F2E28BA1B9506E30018573B /* Release */,
			);
			defaultConfigurationIsVisible = 0;
			defaultConfigurationName = Release;
		};
/* End XCConfigurationList section */
	};
	rootObject = 0F2E288A1B9506E30018573B /* Project object */;
}
